
Microsoft Visual Studio Solution File, Format Version 12.00
# Visual Studio Version 16
VisualStudioVersion = 16.0.31402.337
MinimumVisualStudioVersion = 10.0.40219.1
Project("{9A19103F-16F7-4668-BE54-9A1E7A4F7556}") = "ShoppingCart", "ShoppingCart.csproj", "{79BFF006-5B43-4C11-AE95-24A716074233}"
EndProject
Project("{9A19103F-16F7-4668-BE54-9A1E7A4F7556}") = "ShoppingCartTests", "..\ShoppingCartTests\ShoppingCartTests.csproj", "{7AB5BCE0-AB18-4537-B821-AB6BBED7A8D3}"
EndProject
Global
	GlobalSection(SolutionConfigurationPlatforms) = preSolution
		Debug|Any CPU = Debug|Any CPU
		Debug|x64 = Debug|x64
		Release|Any CPU = Release|Any CPU
		Release|x64 = Release|x64
	EndGlobalSection
	GlobalSection(ProjectConfigurationPlatforms) = postSolution
		{79BFF006-5B43-4C11-AE95-24A716074233}.Debug|Any CPU.ActiveCfg = Debug|Any CPU
		{79BFF006-5B43-4C11-AE95-24A716074233}.Debug|Any CPU.Build.0 = Debug|Any CPU
		{79BFF006-5B43-4C11-AE95-24A716074233}.Debug|x64.ActiveCfg = Debug|x64
		{79BFF006-5B43-4C11-AE95-24A716074233}.Debug|x64.Build.0 = Debug|x64
		{79BFF006-5B43-4C11-AE95-24A716074233}.Release|Any CPU.ActiveCfg = Release|Any CPU
		{79BFF006-5B43-4C11-AE95-24A716074233}.Release|Any CPU.Build.0 = Release|Any CPU
		{79BFF006-5B43-4C11-AE95-24A716074233}.Release|x64.ActiveCfg = Release|Any CPU
		{79BFF006-5B43-4C11-AE95-24A716074233}.Release|x64.Build.0 = Release|Any CPU
		{7AB5BCE0-AB18-4537-B821-AB6BBED7A8D3}.Debug|Any CPU.ActiveCfg = Debug|Any CPU
		{7AB5BCE0-AB18-4537-B821-AB6BBED7A8D3}.Debug|Any CPU.Build.0 = Debug|Any CPU
		{7AB5BCE0-AB18-4537-B821-AB6BBED7A8D3}.Debug|x64.ActiveCfg = Debug|x64
		{7AB5BCE0-AB18-4537-B821-AB6BBED7A8D3}.Debug|x64.Build.0 = Debug|x64
		{7AB5BCE0-AB18-4537-B821-AB6BBED7A8D3}.Release|Any CPU.ActiveCfg = Release|Any CPU
		{7AB5BCE0-AB18-4537-B821-AB6BBED7A8D3}.Release|Any CPU.Build.0 = Release|Any CPU
		{7AB5BCE0-AB18-4537-B821-AB6BBED7A8D3}.Release|x64.ActiveCfg = Release|Any CPU
		{7AB5BCE0-AB18-4537-B821-AB6BBED7A8D3}.Release|x64.Build.0 = Release|Any CPU
	EndGlobalSection
	GlobalSection(SolutionProperties) = preSolution
		HideSolutionNode = FALSE
	EndGlobalSection
	GlobalSection(ExtensibilityGlobals) = postSolution
		SolutionGuid = {0D53DA9A-5806-4CCD-87D8-B0343A7F117B}
	EndGlobalSection
EndGlobal
